github.com/go-sql-driver/mysql v1.4.0/go.mod h1:zAC/RDZ24gD3HViQzih4MyKcchzm+sOG5ZlKdlhCg5w=
github.com/go-sql-driver/mysql v1.4.1 h1:g24URVg0OFbNUTx9qqY1IRZ9D9z3iPyi5zKhQZpNwpA=
github.com/go-sql-driver/mysql v1.4.1/go.mod h1:zAC/RDZ24gD3HViQzih4MyKcchzm+sOG5ZlKdlhCg5w=
github.com/golang/protobuf v1.2.0/go.mod h1:6lQm79b+lXiMfvg/cZm0SGofjICqVBUtrP5yJMmIC1U=
github.com/jmoiron/sqlx v1.2.0 h1:41Ip0zITnmWNR/vHV+S4m+VoUivnWY5E4OJfLZjCJMA=
github.com/jmoiron/sqlx v1.2.0/go.mod h1:1FEQNm3xlJgrMD+FBdI9+xvCksHtbpVBBw5dYhBSsks=
github.com/lib/pq v1.0.0 h1:X5PMW56eZitiTeO7tKzZxFCSpbFZJtkMMooicw2us9A=
github.com/lib/pq v1.0.0/go.mod h1:5WUZQaWbwv1U+lTReE5YruASi9Al49XbQIvNi/34Woo=
github.com/lib/pq v1.1.1 h1:sJZmqHoEaY7f+NPP8pgLB/WxulyR3fewgCM2qaSlBb4=
github.com/lib/pq v1.1.1/go.mod h1:5WUZQaWbwv1U+lTReE5YruASi9Al49XbQIvNi/34Woo=
github.com/mattn/go-sqlite3 v1.9.0/go.mod h1:FPy6KqzDD04eiIsT53CuJW3U88zkxoIYsOqkbpncsNc=
github.com/mattn/go-sqlite3 v1.10.0 h1:jbhqpg7tQe4SupckyijYiy0mJJ/pRyHvXf7JdWK860o=
github.com/mattn/go-sqlite3 v1.10.0/go.mod h1:FPy6KqzDD04eiIsT53CuJW3U88zkxoIYsOqkbpncsNc=
github.com/reusee/e v0.0.0-20190127022806-ca07f64e8ab7 h1:2jIR45iG1vIomAAWXBKOfgXr+0f21w2Phvmf+QAx//4=
github.com/reusee/e v0.0.0-20190127022806-ca07f64e8ab7/go.mod h1:TwOIT+cdeOVlqUmRMVLQWFokuvsl0+fG0E1GSiMaMIA=
github.com/reusee/e v0.0.0-20190604055058-cc9047eb0901 h1:y13UKYZ8QNRwppq+VFtQ/LBKnFIjy6ODJ63buxIUfSc=
github.com/reusee/e v0.0.0-20190604055058-cc9047eb0901/go.mod h1:mppZXqwqYaXvqEaNsbZtoi3qeX0TfwzbuQTjOuSUcmI=
github.com/reusee/e v0.0.0-20190604060113-790331273f4d h1:SI11raOmcg/+hWA++/zb6zCE+xURHzKf3BDSVF0l8CQ=
github.com/reusee/e v0.0.0-20190604060113-790331273f4d/go.mod h1:mppZXqwqYaXvqEaNsbZtoi3qeX0TfwzbuQTjOuSUcmI=
github.com/reusee/e v0.0.0-20190605030117-cc3fe876074c h1:osWuAMbGkmSrbVeplkIHr/f5sFDjfRm7bVJe1PS9E8k=
github.com/reusee/e v0.0.0-20190605030117-cc3fe876074c/go.mod h1:mppZXqwqYaXvqEaNsbZtoi3qeX0TfwzbuQTjOuSUcmI=
github.com/reusee/e2 v0.0.0-20190605040540-d3f4fcdb6fd8 h1:LIXuP3wnTDHzxqkPvbXzO6+k5IXtNo6SbxFvIqsWE7M=
github.com/reusee/e2 v0.0.0-20190605040540-d3f4fcdb6fd8/go.mod h1:VMeJzmPf9vmtjM+0sZ18eHpZU22+i385LfHka/KJKGw=
golang.org/x/exp/errors v0.0.0-20190125153040-c74c464bbbf2/go.mod h1:YgqsNsAu4fTvlab/7uiYK9LJrCIzKg/NiZUIH1/ayqo=
golang.org/x/exp/errors v0.0.0-20190212162250-21964bba6549 h1:UHTSqKAmeIef5/N3QaNthyekxWKk5P8nhZBVVU8F+x4=
golang.org/x/exp/errors v0.0.0-20190212162250-21964bba6549/go.mod h1:YgqsNsAu4fTvlab/7uiYK9LJrCIzKg/NiZUIH1/ayqo=
golang.org/x/exp/errors v0.0.0-20190510132918-efd6b22b2522/go.mod h1:YgqsNsAu4fTvlab/7uiYK9LJrCIzKg/NiZUIH1/ayqo=
golang.org/x/net v0.0.0-20180724234803-3673e40ba225/go.mod h1:mL1N/T3taQHkDXs73rZJwtUhF3w3ftmwwsq0BUmARs4=
golang.org/x/text v0.3.0 h1:g61tztE5qeGQ89tm6NTjjM9VPIm088od1l6aSorWRWg=
golang.org/x/text v0.3.0/go.mod h1:NqM8EUOU14njkJ3fqMW+pc6Ldnwhi/IjpwHt7yyuwOQ=
golang.org/x/text v0.3.1-0.20180807135948-17ff2d5776d2 h1:z99zHgr7hKfrUcX/KsoJk5FJfjTceCKIp96+biqP4To=
golang.org/x/text v0.3.1-0.20180807135948-17ff2d5776d2/go.mod h1:NqM8EUOU14njkJ3fqMW+pc6Ldnwhi/IjpwHt7yyuwOQ=
golang.org/x/text v0.3.2 h1:tW2bmiBqwgJj/UpqtC8EpXEZVYOwU0yG4iWbprSVAcs=
golang.org/x/text v0.3.2/go.mod h1:bEr9sfX3Q8Zfm5fL9x+3itogRgK3+ptLWKqgva+5dAk=
golang.org/x/tools v0.0.0-20180917221912-90fa682c2a6e/go.mod h1:n7NCudcB/nEzxVGmLbDWY5pfWTLqBcC2KZ6jyYvM4mQ=
google.golang.org/appengine v1.4.0 h1:/wp5JvzpHIxhs/dumFmF7BXTf3Z+dd4uXta4kVyO508=
google.golang.org/appengine v1.4.0/go.mod h1:xpcJRLb0r/rnEns0DIKYYv+WjYCduHsrkT7/EB5XEv4=
